
Microsoft Visual Studio Solution File, Format Version 12.00
# Visual Studio Version 16
VisualStudioVersion = 16.0.30804.86
MinimumVisualStudioVersion = 10.0.40219.1
Project("{FAE04EC0-301F-11D3-BF4B-00C04F79EFBC}") = "Rubber-Duck", "Rubber-Duck.csproj", "{1E7292B5-D527-4D67-87E0-BB485614C6E5}"
EndProject
Global
	GlobalSection(SolutionConfigurationPlatforms) = preSolution
		Debug|Any CPU = Debug|Any CPU
		Release|Any CPU = Release|Any CPU
	EndGlobalSection
	GlobalSection(ProjectConfigurationPlatforms) = postSolution
		{1E7292B5-D527-4D67-87E0-BB485614C6E5}.Debug|Any CPU.ActiveCfg = Debug|Any CPU
		{1E7292B5-D527-4D67-87E0-BB485614C6E5}.Debug|Any CPU.Build.0 = Debug|Any CPU
		{1E7292B5-D527-4D67-87E0-BB485614C6E5}.Release|Any CPU.ActiveCfg = Release|Any CPU
		{1E7292B5-D527-4D67-87E0-BB485614C6E5}.Release|Any CPU.Build.0 = Release|Any CPU
	EndGlobalSection
	GlobalSection(SolutionProperties) = preSolution
		HideSolutionNode = FALSE
	EndGlobalSection
	GlobalSection(ExtensibilityGlobals) = postSolution
		SolutionGuid = {EA07F0C2-FC82-4C09-8A2E-E72A349B8589}
	EndGlobalSection
EndGlobal
